version = 1
revision = 3
requires-python = ">=3.14"

[[package]]
name = "anyio"
version = "4.13.0"
source = { registry = "https://pypi.org/simple" }
dependencies = [
    { name = "idna" },
]
sdist = { url = "https://files.pythonhosted.org/packages/19/14/2c5dd9f512b66549ae92767a9c7b330ae88e1932ca57876909410251fe13/anyio-4.13.0.tar.gz", hash = "sha256:334b70e641fd2221c1505b3890c69882fe4a2df910cba14d97019b90b24439dc", size = 231622, upload-time = "2026-03-24T12:59:09.671Z" }
wheels = [
    { url = "https://files.pythonhosted.org/packages/da/42/e921fccf5015463e32a3cf6ee7f980a6ed0f395ceeaa45060b61d86486c2/anyio-4.13.0-py3-none-any.whl", hash = "sha256:08b310f9e24a9594186fd75b4f73f4a4152069e3853f1ed8bfbf58369f4ad708", size = 114353, upload-time = "2026-03-24T12:59:08.246Z" },
]

[[package]]
name = "idna"
version = "3.11"
source = { registry = "https://pypi.org/simple" }
sdist = { url = "https://files.pythonhosted.org/packages/6f/6d/0703ccc57f3a7233505399edb88de3cbd678da106337b9fcde432b65ed60/idna-3.11.tar.gz", hash = "sha256:795dafcc9c04ed0c1fb032c2aa73654d8e8c5023a7df64a53f39190ada629902", size = 194582, upload-time = "2025-10-12T14:55:20.501Z" }
wheels = [
    { url = "https://files.pythonhosted.org/packages/0e/61/66938bbb5fc52dbdf84594873d5b51fb1f7c7794e9c0f5bd885f30bc507b/idna-3.11-py3-none-any.whl", hash = "sha256:771a87f49d9defaf64091e6e6fe9c18d4833f140bd19464795bc32d966ca37ea", size = 71008, upload-time = "2025-10-12T14:55:18.883Z" },
]

[[package]]
name = "python-9246"
version = "0.1.0"
source = { virtual = "." }
dependencies = [
    { name = "watchfiles" },
]

[package.metadata]
requires-dist = [{ name = "watchfiles", specifier = ">=1.1.1" }]

[[package]]
name = "watchfiles"
version = "1.1.1"
source = { registry = "https://pypi.org/simple" }
dependencies = [
    { name = "anyio" },
]
sdist = { url = "https://files.pythonhosted.org/packages/c2/c9/8869df9b2a2d6c59d79220a4db37679e74f807c559ffe5265e08b227a210/watchfiles-1.1.1.tar.gz", hash = "sha256:a173cb5c16c4f40ab19cecf48a534c409f7ea983ab8fed0741304a1c0a31b3f2", size = 94440, upload-time = "2025-10-14T15:06:21.08Z" }
wheels = [
    { url = "https://files.pythonhosted.org/packages/c3/f4/0872229324ef69b2c3edec35e84bd57a1289e7d3fe74588048ed8947a323/watchfiles-1.1.1-cp314-cp314-macosx_10_12_x86_64.whl", hash = "sha256:d1715143123baeeaeadec0528bb7441103979a1d5f6fd0e1f915383fea7ea6d5", size = 404315, upload-time = "2025-10-14T15:05:26.501Z" },
    { url = "https://files.pythonhosted.org/packages/7b/22/16d5331eaed1cb107b873f6ae1b69e9ced582fcf0c59a50cd84f403b1c32/watchfiles-1.1.1-cp314-cp314-macosx_11_0_arm64.whl", hash = "sha256:39574d6370c4579d7f5d0ad940ce5b20db0e4117444e39b6d8f99db5676c52fd", size = 390869, upload-time = "2025-10-14T15:05:27.649Z" },
    { url = "https://files.pythonhosted.org/packages/b2/7e/5643bfff5acb6539b18483128fdc0ef2cccc94a5b8fbda130c823e8ed636/watchfiles-1.1.1-cp314-cp314-manylinux_2_17_aarch64.manylinux2014_aarch64.whl", hash = "sha256:7365b92c2e69ee952902e8f70f3ba6360d0d596d9299d55d7d386df84b6941fb", size = 449919, upload-time = "2025-10-14T15:05:28.701Z" },
    { url = "https://files.pythonhosted.org/packages/51/2e/c410993ba5025a9f9357c376f48976ef0e1b1aefb73b97a5ae01a5972755/watchfiles-1.1.1-cp314-cp314-manylinux_2_17_armv7l.manylinux2014_armv7l.whl", hash = "sha256:bfff9740c69c0e4ed32416f013f3c45e2ae42ccedd1167ef2d805c000b6c71a5", size = 460845, upload-time = "2025-10-14T15:05:30.064Z" },
    { url = "https://files.pythonhosted.org/packages/8e/a4/2df3b404469122e8680f0fcd06079317e48db58a2da2950fb45020947734/watchfiles-1.1.1-cp314-cp314-manylinux_2_17_i686.manylinux2014_i686.whl", hash = "sha256:b27cf2eb1dda37b2089e3907d8ea92922b673c0c427886d4edc6b94d8dfe5db3", size = 489027, upload-time = "2025-10-14T15:05:31.064Z" },
    { url = "https://files.pythonhosted.org/packages/ea/84/4587ba5b1f267167ee715b7f66e6382cca6938e0a4b870adad93e44747e6/watchfiles-1.1.1-cp314-cp314-manylinux_2_17_ppc64le.manylinux2014_ppc64le.whl", hash = "sha256:526e86aced14a65a5b0ec50827c745597c782ff46b571dbfe46192ab9e0b3c33", size = 595615, upload-time = "2025-10-14T15:05:32.074Z" },
    { url = "https://files.pythonhosted.org/packages/6a/0f/c6988c91d06e93cd0bb3d4a808bcf32375ca1904609835c3031799e3ecae/watchfiles-1.1.1-cp314-cp314-manylinux_2_17_s390x.manylinux2014_s390x.whl", hash = "sha256:04e78dd0b6352db95507fd8cb46f39d185cf8c74e4cf1e4fbad1d3df96faf510", size = 474836, upload-time = "2025-10-14T15:05:33.209Z" },
    { url = "https://files.pythonhosted.org/packages/b4/36/ded8aebea91919485b7bbabbd14f5f359326cb5ec218cd67074d1e426d74/watchfiles-1.1.1-cp314-cp314-manylinux_2_17_x86_64.manylinux2014_x86_64.whl", hash = "sha256:5c85794a4cfa094714fb9c08d4a218375b2b95b8ed1666e8677c349906246c05", size = 455099, upload-time = "2025-10-14T15:05:34.189Z" },
    { url = "https://files.pythonhosted.org/packages/98/e0/8c9bdba88af756a2fce230dd365fab2baf927ba42cd47521ee7498fd5211/watchfiles-1.1.1-cp314-cp314-musllinux_1_1_aarch64.whl", hash = "sha256:74d5012b7630714b66be7b7b7a78855ef7ad58e8650c73afc4c076a1f480a8d6", size = 630626, upload-time = "2025-10-14T15:05:35.216Z" },
    { url = "https://files.pythonhosted.org/packages/2a/84/a95db05354bf2d19e438520d92a8ca475e578c647f78f53197f5a2f17aaf/watchfiles-1.1.1-cp314-cp314-musllinux_1_1_x86_64.whl", hash = "sha256:8fbe85cb3201c7d380d3d0b90e63d520f15d6afe217165d7f98c9c649654db81", size = 622519, upload-time = "2025-10-14T15:05:36.259Z" },
    { url = "https://files.pythonhosted.org/packages/1d/ce/d8acdc8de545de995c339be67711e474c77d643555a9bb74a9334252bd55/watchfiles-1.1.1-cp314-cp314-win32.whl", hash = "sha256:3fa0b59c92278b5a7800d3ee7733da9d096d4aabcfabb9a928918bd276ef9b9b", size = 272078, upload-time = "2025-10-14T15:05:37.63Z" },
    { url = "https://files.pythonhosted.org/packages/c4/c9/a74487f72d0451524be827e8edec251da0cc1fcf111646a511ae752e1a3d/watchfiles-1.1.1-cp314-cp314-win_amd64.whl", hash = "sha256:c2047d0b6cea13b3316bdbafbfa0c4228ae593d995030fda39089d36e64fc03a", size = 287664, upload-time = "2025-10-14T15:05:38.95Z" },
    { url = "https://files.pythonhosted.org/packages/df/b8/8ac000702cdd496cdce998c6f4ee0ca1f15977bba51bdf07d872ebdfc34c/watchfiles-1.1.1-cp314-cp314-win_arm64.whl", hash = "sha256:842178b126593addc05acf6fce960d28bc5fae7afbaa2c6c1b3a7b9460e5be02", size = 277154, upload-time = "2025-10-14T15:05:39.954Z" },
    { url = "https://files.pythonhosted.org/packages/47/a8/e3af2184707c29f0f14b1963c0aace6529f9d1b8582d5b99f31bbf42f59e/watchfiles-1.1.1-cp314-cp314t-macosx_10_12_x86_64.whl", hash = "sha256:88863fbbc1a7312972f1c511f202eb30866370ebb8493aef2812b9ff28156a21", size = 403820, upload-time = "2025-10-14T15:05:40.932Z" },
    { url = "https://files.pythonhosted.org/packages/c0/ec/e47e307c2f4bd75f9f9e8afbe3876679b18e1bcec449beca132a1c5ffb2d/watchfiles-1.1.1-cp314-cp314t-macosx_11_0_arm64.whl", hash = "sha256:55c7475190662e202c08c6c0f4d9e345a29367438cf8e8037f3155e10a88d5a5", size = 390510, upload-time = "2025-10-14T15:05:41.945Z" },
    { url = "https://files.pythonhosted.org/packages/d5/a0/ad235642118090f66e7b2f18fd5c42082418404a79205cdfca50b6309c13/watchfiles-1.1.1-cp314-cp314t-manylinux_2_17_aarch64.manylinux2014_aarch64.whl", hash = "sha256:3f53fa183d53a1d7a8852277c92b967ae99c2d4dcee2bfacff8868e6e30b15f7", size = 448408, upload-time = "2025-10-14T15:05:43.385Z" },
    { url = "https://files.pythonhosted.org/packages/df/85/97fa10fd5ff3332ae17e7e40e20784e419e28521549780869f1413742e9d/watchfiles-1.1.1-cp314-cp314t-manylinux_2_17_armv7l.manylinux2014_armv7l.whl", hash = "sha256:6aae418a8b323732fa89721d86f39ec8f092fc2af67f4217a2b07fd3e93c6101", size = 458968, upload-time = "2025-10-14T15:05:44.404Z" },
    { url = "https://files.pythonhosted.org/packages/47/c2/9059c2e8966ea5ce678166617a7f75ecba6164375f3b288e50a40dc6d489/watchfiles-1.1.1-cp314-cp314t-manylinux_2_17_i686.manylinux2014_i686.whl", hash = "sha256:f096076119da54a6080e8920cbdaac3dbee667eb91dcc5e5b78840b87415bd44", size = 488096, upload-time = "2025-10-14T15:05:45.398Z" },
    { url = "https://files.pythonhosted.org/packages/94/44/d90a9ec8ac309bc26db808a13e7bfc0e4e78b6fc051078a554e132e80160/watchfiles-1.1.1-cp314-cp314t-manylinux_2_17_ppc64le.manylinux2014_ppc64le.whl", hash = "sha256:00485f441d183717038ed2e887a7c868154f216877653121068107b227a2f64c", size = 596040, upload-time = "2025-10-14T15:05:46.502Z" },
    { url = "https://files.pythonhosted.org/packages/95/68/4e3479b20ca305cfc561db3ed207a8a1c745ee32bf24f2026a129d0ddb6e/watchfiles-1.1.1-cp314-cp314t-manylinux_2_17_s390x.manylinux2014_s390x.whl", hash = "sha256:a55f3e9e493158d7bfdb60a1165035f1cf7d320914e7b7ea83fe22c6023b58fc", size = 473847, upload-time = "2025-10-14T15:05:47.484Z" },
    { url = "https://files.pythonhosted.org/packages/4f/55/2af26693fd15165c4ff7857e38330e1b61ab8c37d15dc79118cdba115b7a/watchfiles-1.1.1-cp314-cp314t-manylinux_2_17_x86_64.manylinux2014_x86_64.whl", hash = "sha256:8c91ed27800188c2ae96d16e3149f199d62f86c7af5f5f4d2c61a3ed8cd3666c", size = 455072, upload-time = "2025-10-14T15:05:48.928Z" },
    { url = "https://files.pythonhosted.org/packages/66/1d/d0d200b10c9311ec25d2273f8aad8c3ef7cc7ea11808022501811208a750/watchfiles-1.1.1-cp314-cp314t-musllinux_1_1_aarch64.whl", hash = "sha256:311ff15a0bae3714ffb603e6ba6dbfba4065ab60865d15a6ec544133bdb21099", size = 629104, upload-time = "2025-10-14T15:05:49.908Z" },
    { url = "https://files.pythonhosted.org/packages/e3/bd/fa9bb053192491b3867ba07d2343d9f2252e00811567d30ae8d0f78136fe/watchfiles-1.1.1-cp314-cp314t-musllinux_1_1_x86_64.whl", hash = "sha256:a916a2932da8f8ab582f242c065f5c81bed3462849ca79ee357dd9551b0e9b01", size = 622112, upload-time = "2025-10-14T15:05:50.941Z" },
]
